
Microsoft Visual Studio Solution File, Format Version 12.00
# Visual Studio Version 17
VisualStudioVersion = 17.0.31912.275
MinimumVisualStudioVersion = 10.0.40219.1
Project("{FAE04EC0-301F-11D3-BF4B-00C04F79EFBC}") = "DispachTools", "DispachTools\DispachTools.csproj", "{CA84D545-A144-4439-B4A6-D69D5AC71E39}"
EndProject
Project("{FAE04EC0-301F-11D3-BF4B-00C04F79EFBC}") = "Worker", "Worker\Worker.csproj", "{6A8CE3BE-4F90-45A6-95AB-95DC901C3618}"
EndProject
Project("{FAE04EC0-301F-11D3-BF4B-00C04F79EFBC}") = "Server", "Server\Server.csproj", "{1CBDB5C2-06FA-4CCD-BE5B-C744B9B4B3CC}"
EndProject
Project("{FAE04EC0-301F-11D3-BF4B-00C04F79EFBC}") = "TestProject2", "TestProject2\TestProject2.csproj", "{7AEC6E09-153E-486D-8854-59D3CBA76ED7}"
EndProject
Global
	GlobalSection(SolutionConfigurationPlatforms) = preSolution
		Debug|Any CPU = Debug|Any CPU
		Release|Any CPU = Release|Any CPU
	EndGlobalSection
	GlobalSection(ProjectConfigurationPlatforms) = postSolution
		{CA84D545-A144-4439-B4A6-D69D5AC71E39}.Debug|Any CPU.ActiveCfg = Debug|Any CPU
		{CA84D545-A144-4439-B4A6-D69D5AC71E39}.Debug|Any CPU.Build.0 = Debug|Any CPU
		{CA84D545-A144-4439-B4A6-D69D5AC71E39}.Release|Any CPU.ActiveCfg = Release|Any CPU
		{CA84D545-A144-4439-B4A6-D69D5AC71E39}.Release|Any CPU.Build.0 = Release|Any CPU
		{6A8CE3BE-4F90-45A6-95AB-95DC901C3618}.Debug|Any CPU.ActiveCfg = Debug|Any CPU
		{6A8CE3BE-4F90-45A6-95AB-95DC901C3618}.Debug|Any CPU.Build.0 = Debug|Any CPU
		{6A8CE3BE-4F90-45A6-95AB-95DC901C3618}.Release|Any CPU.ActiveCfg = Release|Any CPU
		{6A8CE3BE-4F90-45A6-95AB-95DC901C3618}.Release|Any CPU.Build.0 = Release|Any CPU
		{1CBDB5C2-06FA-4CCD-BE5B-C744B9B4B3CC}.Debug|Any CPU.ActiveCfg = Debug|Any CPU
		{1CBDB5C2-06FA-4CCD-BE5B-C744B9B4B3CC}.Debug|Any CPU.Build.0 = Debug|Any CPU
		{1CBDB5C2-06FA-4CCD-BE5B-C744B9B4B3CC}.Release|Any CPU.ActiveCfg = Release|Any CPU
		{1CBDB5C2-06FA-4CCD-BE5B-C744B9B4B3CC}.Release|Any CPU.Build.0 = Release|Any CPU
		{7AEC6E09-153E-486D-8854-59D3CBA76ED7}.Debug|Any CPU.ActiveCfg = Debug|Any CPU
		{7AEC6E09-153E-486D-8854-59D3CBA76ED7}.Debug|Any CPU.Build.0 = Debug|Any CPU
		{7AEC6E09-153E-486D-8854-59D3CBA76ED7}.Release|Any CPU.ActiveCfg = Release|Any CPU
		{7AEC6E09-153E-486D-8854-59D3CBA76ED7}.Release|Any CPU.Build.0 = Release|Any CPU
	EndGlobalSection
	GlobalSection(SolutionProperties) = preSolution
		HideSolutionNode = FALSE
	EndGlobalSection
	GlobalSection(ExtensibilityGlobals) = postSolution
		SolutionGuid = {1AEC8C96-323B-4F82-AB0F-07C9FE729AB3}
	EndGlobalSection
EndGlobal
